<?xml version="1.0" encoding="utf-8"?>
<Project ToolsVersion="4.0" xmlns="http://schemas.microsoft.com/developer/msbuild/2003">
  <ItemGroup>
    <Filter Include="General">
      <UniqueIdentifier>{5c1e69df-a2f4-4314-a1f8-00be2db667cc}</UniqueIdentifier>
    </Filter>
    <Filter Include="General\Resources">
      <UniqueIdentifier>{707af34d-7f97-40b3-8b99-f99bd7fd5938}</UniqueIdentifier>
    </Filter>
    <Filter Include="Interfaces">
      <UniqueIdentifier>{eb5cf67b-312c-43df-81f0-e8bdf8bdff05}</UniqueIdentifier>
    </Filter>
    <Filter Include="Interfaces\Sound">
      <UniqueIdentifier>{ed30986e-4ab1-4e94-8792-3418805473eb}</UniqueIdentifier>
    </Filter>
    <Filter Include="Interfaces\Input">
      <UniqueIdentifier>{123a5995-4489-4ccc-8460-fc3f8deb5b7d}</UniqueIdentifier>
    </Filter>
    <Filter Include="Interfaces\Sheduler">
      <UniqueIdentifier>{6d7e3874-0848-45ba-b36c-96ff4755919b}</UniqueIdentifier>
    </Filter>
    <Filter Include="Interfaces\Render">
      <UniqueIdentifier>{5005fd26-7c7b-461e-bcd1-b374e6593593}</UniqueIdentifier>
    </Filter>
    <Filter Include="Interfaces\SPATIAL">
      <UniqueIdentifier>{1684d2c2-961a-41fa-a2cc-27c495c5094a}</UniqueIdentifier>
    </Filter>
    <Filter Include="Interfaces\Collidable">
      <UniqueIdentifier>{b1b2d4e9-59ce-40a4-8ec3-dd8007ea50f4}</UniqueIdentifier>
    </Filter>
    <Filter Include="Game API">
      <UniqueIdentifier>{a70c5217-f8c4-41f0-9a2a-7b062dc9892f}</UniqueIdentifier>
    </Filter>
    <Filter Include="Game API\Objects">
      <UniqueIdentifier>{94cb4485-bb7a-4a40-a026-bacf6e1ca21c}</UniqueIdentifier>
    </Filter>
    <Filter Include="Game API\HUD">
      <UniqueIdentifier>{146c47f7-9d50-4ca5-bacf-a8970a3a6b41}</UniqueIdentifier>
    </Filter>
    <Filter Include="Game API\Environment">
      <UniqueIdentifier>{ccb512ee-ebcb-4e9e-b167-7f5759cbb02a}</UniqueIdentifier>
    </Filter>
    <Filter Include="Game API\Environment\Effects">
      <UniqueIdentifier>{020d093c-5d3e-4f45-8242-daa46d81e4e1}</UniqueIdentifier>
    </Filter>
    <Filter Include="Game API\Cameras">
      <UniqueIdentifier>{acdd239f-ed97-4366-a411-e3bdae1d4a90}</UniqueIdentifier>
    </Filter>
    <Filter Include="Game API\Collision">
      <UniqueIdentifier>{05be59f1-4bf6-417f-bf82-27a77f62f31f}</UniqueIdentifier>
    </Filter>
    <Filter Include="Game API\Animator">
      <UniqueIdentifier>{f4a67f5d-a421-4e06-8035-6d27c2f8b760}</UniqueIdentifier>
    </Filter>
    <Filter Include="Game API\Feelers">
      <UniqueIdentifier>{9f8f1f10-5f05-403d-b56d-5b59c2ad526a}</UniqueIdentifier>
    </Filter>
    <Filter Include="Game API\Demo">
      <UniqueIdentifier>{b17f732b-b27f-44d7-a4ce-06e8bbba3fd4}</UniqueIdentifier>
    </Filter>
    <Filter Include="Render">
      <UniqueIdentifier>{989cce2e-daba-448d-b0f4-d7fc42a9b875}</UniqueIdentifier>
    </Filter>
    <Filter Include="Render\Visuals">
      <UniqueIdentifier>{04ad90e0-2afe-4bcd-b580-e588b2fc07cd}</UniqueIdentifier>
    </Filter>
    <Filter Include="Render\Visuals\Skeleton">
      <UniqueIdentifier>{87314ef7-1490-48ba-abb2-37be9a586172}</UniqueIdentifier>
    </Filter>
    <Filter Include="Render\Visibility">
      <UniqueIdentifier>{1e2001f2-3242-494c-bed3-541950adf47d}</UniqueIdentifier>
    </Filter>
    <Filter Include="Render\Visibility\Frustum">
      <UniqueIdentifier>{09047a38-9748-421a-a8de-b3edb4d7982a}</UniqueIdentifier>
    </Filter>
    <Filter Include="Render\Particle system">
      <UniqueIdentifier>{51578897-2cb1-4490-92a5-98f964dfa8de}</UniqueIdentifier>
    </Filter>
    <Filter Include="Render\Lighting">
      <UniqueIdentifier>{466b13f0-b2a1-4b36-8fe9-28230f6cb268}</UniqueIdentifier>
    </Filter>
    <Filter Include="Render\Font output">
      <UniqueIdentifier>{5de389e6-6cb3-477a-a68d-93c50687a136}</UniqueIdentifier>
    </Filter>
    <Filter Include="Render\Execution &amp; 3D">
      <UniqueIdentifier>{64d6a248-aa16-443e-8758-e4aea787339b}</UniqueIdentifier>
    </Filter>
    <Filter Include="Render\Execution &amp; 3D\HW">
      <UniqueIdentifier>{9b9c98c9-c6b3-44ad-8bf5-b2eeaef3f18f}</UniqueIdentifier>
    </Filter>
    <Filter Include="Render\Execution &amp; 3D\Gamma">
      <UniqueIdentifier>{86445240-8bbb-4bd9-ba6b-8423e6daccd6}</UniqueIdentifier>
    </Filter>
    <Filter Include="Render\Execution &amp; 3D\Shaders">
      <UniqueIdentifier>{bfda3022-be33-4b74-9027-720b25a4d0f7}</UniqueIdentifier>
    </Filter>
    <Filter Include="Render\Execution &amp; 3D\Shaders\Textures">
      <UniqueIdentifier>{8b39eac5-d0e3-445b-8c64-0f8504fa8030}</UniqueIdentifier>
    </Filter>
    <Filter Include="Render\Execution &amp; 3D\Shaders\ShaderManager">
      <UniqueIdentifier>{8dac73cb-7a54-4275-ad26-368586ca3cd6}</UniqueIdentifier>
    </Filter>
    <Filter Include="Render\Execution &amp; 3D\Shaders\ShaderManager\doug_lea_memory_allocator">
      <UniqueIdentifier>{55961a3c-50e0-4a36-abed-537aaf53700c}</UniqueIdentifier>
    </Filter>
    <Filter Include="Render\Execution &amp; 3D\Shaders\Resources">
      <UniqueIdentifier>{5f19f1f6-42e1-496b-95a2-eb9a9441fabd}</UniqueIdentifier>
    </Filter>
    <Filter Include="Render\Execution &amp; 3D\Shaders\Resources\dx9_R_shader">
      <UniqueIdentifier>{dffebb4f-4f49-427a-90bb-60836b114e7d}</UniqueIdentifier>
    </Filter>
    <Filter Include="Render\Execution &amp; 3D\TextConsole">
      <UniqueIdentifier>{18a0acd3-b8cf-4c86-863f-325afb3156ae}</UniqueIdentifier>
    </Filter>
    <Filter Include="Render\Execution &amp; 3D\DebugDraw">
      <UniqueIdentifier>{2af05a67-6f79-49ab-939d-49a44a8d6df8}</UniqueIdentifier>
    </Filter>
    <Filter Include="Render\Backend">
      <UniqueIdentifier>{ac9ac820-ddae-4ffc-ac3a-0bf1089fc1c2}</UniqueIdentifier>
    </Filter>
    <Filter Include="Engine">
      <UniqueIdentifier>{7531b52a-1cf7-4200-8d85-ba32db212512}</UniqueIdentifier>
    </Filter>
    <Filter Include="Engine\Collision Core">
      <UniqueIdentifier>{da7ecd7d-69df-4d67-a663-a859b76154ed}</UniqueIdentifier>
    </Filter>
    <Filter Include="Engine\Console">
      <UniqueIdentifier>{6bdddbfb-e241-48d9-a211-45ef3cf64588}</UniqueIdentifier>
    </Filter>
    <Filter Include="Engine\Core">
      <UniqueIdentifier>{7bad8fc4-13a0-4f1e-b12d-b5024ad6bc34}</UniqueIdentifier>
    </Filter>
    <Filter Include="Engine\Core\Scripting">
      <UniqueIdentifier>{e4446337-fd18-4b3f-8ef8-cef64324a66c}</UniqueIdentifier>
    </Filter>
    <Filter Include="Engine\Noise">
      <UniqueIdentifier>{a549b86c-658e-4957-90b5-6678e601d988}</UniqueIdentifier>
    </Filter>
  </ItemGroup>
  <ItemGroup>
    <ClInclude Include="_d3d_extensions.h">
      <Filter>General</Filter>
    </ClInclude>
    <ClInclude Include="CopyProtection.h">
      <Filter>General</Filter>
    </ClInclude>
    <ClInclude Include="defines.h">
      <Filter>General</Filter>
    </ClInclude>
    <ClInclude Include="stdafx.h">
      <Filter>General</Filter>
    </ClInclude>
    <ClInclude Include="trivial_encryptor.h">
      <Filter>General</Filter>
    </ClInclude>
    <ClInclude Include="x_ray.h">
      <Filter>General</Filter>
    </ClInclude>
    <ClInclude Include="resource.h">
      <Filter>General\Resources</Filter>
    </ClInclude>
    <ClInclude Include="psystem.h">
      <Filter>Interfaces</Filter>
    </ClInclude>
    <ClInclude Include="IInputReceiver.h">
      <Filter>Interfaces\Input</Filter>
    </ClInclude>
    <ClInclude Include="xr_input.h">
      <Filter>Interfaces\Input</Filter>
    </ClInclude>
    <ClInclude Include="ISheduled.h">
      <Filter>Interfaces\Sheduler</Filter>
    </ClInclude>
    <ClInclude Include="xrSheduler.h">
      <Filter>Interfaces\Sheduler</Filter>
    </ClInclude>
    <ClInclude Include="IRenderable.h">
      <Filter>Interfaces\Render</Filter>
    </ClInclude>
    <ClInclude Include="Render.h">
      <Filter>Interfaces\Render</Filter>
    </ClInclude>
    <ClInclude Include="ISpatial.h">
      <Filter>Interfaces\SPATIAL</Filter>
    </ClInclude>
    <ClInclude Include="ICollidable.h">
      <Filter>Interfaces\Collidable</Filter>
    </ClInclude>
    <ClInclude Include="IGame_Level.h">
      <Filter>Game API</Filter>
    </ClInclude>
    <ClInclude Include="IGame_Persistent.h">
      <Filter>Game API</Filter>
    </ClInclude>
    <ClInclude Include="xrLevel.h">
      <Filter>Game API</Filter>
    </ClInclude>
    <ClInclude Include="IGame_ObjectPool.h">
      <Filter>Game API\Objects</Filter>
    </ClInclude>
    <ClInclude Include="pure_relcase.h">
      <Filter>Game API\Objects</Filter>
    </ClInclude>
    <ClInclude Include="xr_object.h">
      <Filter>Game API\Objects</Filter>
    </ClInclude>
    <ClInclude Include="xr_object_list.h">
      <Filter>Game API\Objects</Filter>
    </ClInclude>
    <ClInclude Include="CustomHUD.h">
      <Filter>Game API\HUD</Filter>
    </ClInclude>
    <ClInclude Include="Environment.h">
      <Filter>Game API\Environment</Filter>
    </ClInclude>
    <ClInclude Include="xrHemisphere.h">
      <Filter>Game API\Environment</Filter>
    </ClInclude>
    <ClInclude Include="Rain.h">
      <Filter>Game API\Environment\Effects</Filter>
    </ClInclude>
    <ClInclude Include="thunderbolt.h">
      <Filter>Game API\Environment\Effects</Filter>
    </ClInclude>
    <ClInclude Include="xr_efflensflare.h">
      <Filter>Game API\Environment\Effects</Filter>
    </ClInclude>
    <ClInclude Include="CameraBase.h">
      <Filter>Game API\Cameras</Filter>
    </ClInclude>
    <ClInclude Include="CameraDefs.h">
      <Filter>Game API\Cameras</Filter>
    </ClInclude>
    <ClInclude Include="CameraManager.h">
      <Filter>Game API\Cameras</Filter>
    </ClInclude>
    <ClInclude Include="Effector.h">
      <Filter>Game API\Cameras</Filter>
    </ClInclude>
    <ClInclude Include="EffectorPP.h">
      <Filter>Game API\Cameras</Filter>
    </ClInclude>
    <ClInclude Include="xr_area.h">
      <Filter>Game API\Collision</Filter>
    </ClInclude>
    <ClInclude Include="xr_collide_defs.h">
      <Filter>Game API\Collision</Filter>
    </ClInclude>
    <ClInclude Include="xr_collide_form.h">
      <Filter>Game API\Collision</Filter>
    </ClInclude>
    <ClInclude Include="bone.h">
      <Filter>Game API\Animator</Filter>
    </ClInclude>
    <ClInclude Include="envelope.h">
      <Filter>Game API\Animator</Filter>
    </ClInclude>
    <ClInclude Include="motion.h">
      <Filter>Game API\Animator</Filter>
    </ClInclude>
    <ClInclude Include="ObjectAnimator.h">
      <Filter>Game API\Animator</Filter>
    </ClInclude>
    <ClInclude Include="Feel_Sound.h">
      <Filter>Game API\Feelers</Filter>
    </ClInclude>
    <ClInclude Include="Feel_Touch.h">
      <Filter>Game API\Feelers</Filter>
    </ClInclude>
    <ClInclude Include="Feel_Vision.h">
      <Filter>Game API\Feelers</Filter>
    </ClInclude>
    <ClInclude Include="FDemoPlay.h">
      <Filter>Game API\Demo</Filter>
    </ClInclude>
    <ClInclude Include="FDemoRecord.h">
      <Filter>Game API\Demo</Filter>
    </ClInclude>
    <ClInclude Include="Fmesh.h">
      <Filter>Render\Visuals</Filter>
    </ClInclude>
    <ClInclude Include="EnnumerateVertices.h">
      <Filter>Render\Visuals\Skeleton</Filter>
    </ClInclude>
    <ClInclude Include="SkeletonMotions.h">
      <Filter>Render\Visuals\Skeleton</Filter>
    </ClInclude>
    <ClInclude Include="vis_common.h">
      <Filter>Render\Visibility</Filter>
    </ClInclude>
    <ClInclude Include="Frustum.h">
      <Filter>Render\Visibility\Frustum</Filter>
    </ClInclude>
    <ClInclude Include="PS_instance.h">
      <Filter>Render\Particle system</Filter>
    </ClInclude>
    <ClInclude Include="LightAnimLibrary.h">
      <Filter>Render\Lighting</Filter>
    </ClInclude>
    <ClInclude Include="GameFont.h">
      <Filter>Render\Font output</Filter>
    </ClInclude>
    <ClInclude Include="MbHelpers.h">
      <Filter>Render\Font output</Filter>
    </ClInclude>
    <ClInclude Include="device.h">
      <Filter>Render\Execution &amp; 3D</Filter>
    </ClInclude>
    <ClInclude Include="StatGraph.h">
      <Filter>Render\Execution &amp; 3D</Filter>
    </ClInclude>
    <ClInclude Include="Stats.h">
      <Filter>Render\Execution &amp; 3D</Filter>
    </ClInclude>
    <ClInclude Include="Shader_xrLC.h">
      <Filter>Render\Execution &amp; 3D\Shaders</Filter>
    </ClInclude>
    <ClInclude Include="WaveForm.h">
      <Filter>Render\Execution &amp; 3D\Shaders</Filter>
    </ClInclude>
    <ClInclude Include="tntQAVI.h">
      <Filter>Render\Execution &amp; 3D\Shaders\Textures</Filter>
    </ClInclude>
    <ClInclude Include="xrImage_Resampler.h">
      <Filter>Render\Execution &amp; 3D\Shaders\Textures</Filter>
    </ClInclude>
    <ClInclude Include="xrTheora_Stream.h">
      <Filter>Render\Execution &amp; 3D\Shaders\Textures</Filter>
    </ClInclude>
    <ClInclude Include="xrTheora_Surface.h">
      <Filter>Render\Execution &amp; 3D\Shaders\Textures</Filter>
    </ClInclude>
    <ClInclude Include="xrTheora_Surface_mmx.h">
      <Filter>Render\Execution &amp; 3D\Shaders\Textures</Filter>
    </ClInclude>
    <ClInclude Include="doug_lea_memory_allocator.h">
      <Filter>Render\Execution &amp; 3D\Shaders\ShaderManager\doug_lea_memory_allocator</Filter>
    </ClInclude>
    <ClInclude Include="Text_Console.h">
      <Filter>Render\Execution &amp; 3D\TextConsole</Filter>
    </ClInclude>
    <ClInclude Include="Properties.h">
      <Filter>Engine</Filter>
    </ClInclude>
    <ClInclude Include="pure.h">
      <Filter>Engine</Filter>
    </ClInclude>
    <ClInclude Include="std_classes.h">
      <Filter>Engine</Filter>
    </ClInclude>
    <ClInclude Include="cl_intersect.h">
      <Filter>Engine\Collision Core</Filter>
    </ClInclude>
    <ClInclude Include="xrXRC.h">
      <Filter>Engine\Collision Core</Filter>
    </ClInclude>
    <ClInclude Include="xr_ioc_cmd.h">
      <Filter>Engine\Console</Filter>
    </ClInclude>
    <ClInclude Include="XR_IOConsole.h">
      <Filter>Engine\Console</Filter>
    </ClInclude>
    <ClInclude Include="Engine.h">
      <Filter>Engine\Core</Filter>
    </ClInclude>
    <ClInclude Include="EngineAPI.h">
      <Filter>Engine\Core</Filter>
    </ClInclude>
    <ClInclude Include="EventAPI.h">
      <Filter>Engine\Core</Filter>
    </ClInclude>
    <ClInclude Include="ai_script_lua_extension.h">
      <Filter>Engine\Core\Scripting</Filter>
    </ClInclude>
    <ClInclude Include="ai_script_lua_space.h">
      <Filter>Engine\Core\Scripting</Filter>
    </ClInclude>
    <ClInclude Include="ai_script_space.h">
      <Filter>Engine\Core\Scripting</Filter>
    </ClInclude>
    <ClInclude Include="perlin.h">
      <Filter>Engine\Noise</Filter>
    </ClInclude>
    <ClInclude Include="cf_dynamic_mesh.h" />
    <ClInclude Include="dedicated_server_only.h" />
    <ClInclude Include="editor_environment_ambients_ambient.hpp" />
    <ClInclude Include="editor_environment_ambients_effect_id.hpp" />
    <ClInclude Include="editor_environment_ambients_manager.hpp" />
    <ClInclude Include="editor_environment_ambients_sound_id.hpp" />
    <ClInclude Include="editor_environment_detail.hpp" />
    <ClInclude Include="editor_environment_effects_effect.hpp" />
    <ClInclude Include="editor_environment_effects_manager.hpp" />
    <ClInclude Include="editor_environment_levels_manager.hpp" />
    <ClInclude Include="editor_environment_manager.hpp" />
    <ClInclude Include="editor_environment_sound_channels_channel.hpp" />
    <ClInclude Include="editor_environment_sound_channels_manager.hpp" />
    <ClInclude Include="editor_environment_sound_channels_source.hpp" />
    <ClInclude Include="editor_environment_suns_blend.hpp" />
    <ClInclude Include="editor_environment_suns_flare.hpp" />
    <ClInclude Include="editor_environment_suns_flares.hpp" />
    <ClInclude Include="editor_environment_suns_gradient.hpp" />
    <ClInclude Include="editor_environment_suns_manager.hpp" />
    <ClInclude Include="editor_environment_suns_sun.hpp" />
    <ClInclude Include="editor_environment_thunderbolts_collection.hpp" />
    <ClInclude Include="editor_environment_thunderbolts_gradient.hpp" />
    <ClInclude Include="editor_environment_thunderbolts_manager.hpp" />
    <ClInclude Include="editor_environment_thunderbolts_thunderbolt.hpp" />
    <ClInclude Include="editor_environment_thunderbolts_thunderbolt_id.hpp" />
    <ClInclude Include="editor_environment_weathers_manager.hpp" />
    <ClInclude Include="editor_environment_weathers_time.hpp" />
    <ClInclude Include="editor_environment_weathers_weather.hpp" />
    <ClInclude Include="edit_actions.h" />
    <ClInclude Include="engine_impl.hpp" />
    <ClInclude Include="GameMtlLib.h" />
    <ClInclude Include="ide.hpp" />
    <ClInclude Include="IObjectPhysicsCollision.h" />
    <ClInclude Include="IPHdebug.h" />
    <ClInclude Include="IPhysicsGeometry.h" />
    <ClInclude Include="IPhysicsShell.h" />
    <ClInclude Include="line_editor.h" />
    <ClInclude Include="line_edit_control.h" />
    <ClInclude Include="mp_logging.h" />
    <ClInclude Include="no_single.h" />
    <ClInclude Include="property_collection.hpp" />
    <ClInclude Include="property_collection_forward.hpp" />
    <ClInclude Include="property_collection_inline.hpp" />
    <ClInclude Include="SkeletonMotionDefs.h" />
    <ClInclude Include="xrSASH.h" />
    <ClInclude Include="xr_input_xinput.h" />
    <ClInclude Include="lua_tools.h" />
  </ItemGroup>
  <ItemGroup>
    <ClCompile Include="defines.cpp">
      <Filter>General</Filter>
    </ClCompile>
    <ClCompile Include="stdafx.cpp">
      <Filter>General</Filter>
    </ClCompile>
    <ClCompile Include="x_ray.cpp">
      <Filter>General</Filter>
    </ClCompile>
    <ClCompile Include="IInputReceiver.cpp">
      <Filter>Interfaces\Input</Filter>
    </ClCompile>
    <ClCompile Include="Xr_input.cpp">
      <Filter>Interfaces\Input</Filter>
    </ClCompile>
    <ClCompile Include="ISheduled.cpp">
      <Filter>Interfaces\Sheduler</Filter>
    </ClCompile>
    <ClCompile Include="xrSheduler.cpp">
      <Filter>Interfaces\Sheduler</Filter>
    </ClCompile>
    <ClCompile Include="IRenderable.cpp">
      <Filter>Interfaces\Render</Filter>
    </ClCompile>
    <ClCompile Include="Render.cpp">
      <Filter>Interfaces\Render</Filter>
    </ClCompile>
    <ClCompile Include="ISpatial.cpp">
      <Filter>Interfaces\SPATIAL</Filter>
    </ClCompile>
    <ClCompile Include="ISpatial_q_box.cpp">
      <Filter>Interfaces\SPATIAL</Filter>
    </ClCompile>
    <ClCompile Include="ISpatial_q_frustum.cpp">
      <Filter>Interfaces\SPATIAL</Filter>
    </ClCompile>
    <ClCompile Include="ISpatial_q_ray.cpp">
      <Filter>Interfaces\SPATIAL</Filter>
    </ClCompile>
    <ClCompile Include="ISpatial_verify.cpp">
      <Filter>Interfaces\SPATIAL</Filter>
    </ClCompile>
    <ClCompile Include="ICollidable.cpp">
      <Filter>Interfaces\Collidable</Filter>
    </ClCompile>
    <ClCompile Include="IGame_Level.cpp">
      <Filter>Game API</Filter>
    </ClCompile>
    <ClCompile Include="IGame_Level_check_textures.cpp">
      <Filter>Game API</Filter>
    </ClCompile>
    <ClCompile Include="IGame_Persistent.cpp">
      <Filter>Game API</Filter>
    </ClCompile>
    <ClCompile Include="IGame_ObjectPool.cpp">
      <Filter>Game API\Objects</Filter>
    </ClCompile>
    <ClCompile Include="pure_relcase.cpp">
      <Filter>Game API\Objects</Filter>
    </ClCompile>
    <ClCompile Include="xr_object.cpp">
      <Filter>Game API\Objects</Filter>
    </ClCompile>
    <ClCompile Include="xr_object_list.cpp">
      <Filter>Game API\Objects</Filter>
    </ClCompile>
    <ClCompile Include="CustomHUD.cpp">
      <Filter>Game API\HUD</Filter>
    </ClCompile>
    <ClCompile Include="Environment.cpp">
      <Filter>Game API\Environment</Filter>
    </ClCompile>
    <ClCompile Include="Environment_misc.cpp">
      <Filter>Game API\Environment</Filter>
    </ClCompile>
    <ClCompile Include="Environment_render.cpp">
      <Filter>Game API\Environment</Filter>
    </ClCompile>
    <ClCompile Include="xrHemisphere.cpp">
      <Filter>Game API\Environment</Filter>
    </ClCompile>
    <ClCompile Include="Rain.cpp">
      <Filter>Game API\Environment\Effects</Filter>
    </ClCompile>
    <ClCompile Include="thunderbolt.cpp">
      <Filter>Game API\Environment\Effects</Filter>
    </ClCompile>
    <ClCompile Include="xr_efflensflare.cpp">
      <Filter>Game API\Environment\Effects</Filter>
    </ClCompile>
    <ClCompile Include="CameraBase.cpp">
      <Filter>Game API\Cameras</Filter>
    </ClCompile>
    <ClCompile Include="CameraManager.cpp">
      <Filter>Game API\Cameras</Filter>
    </ClCompile>
    <ClCompile Include="Effector.cpp">
      <Filter>Game API\Cameras</Filter>
    </ClCompile>
    <ClCompile Include="EffectorPP.cpp">
      <Filter>Game API\Cameras</Filter>
    </ClCompile>
    <ClCompile Include="xr_area.cpp">
      <Filter>Game API\Collision</Filter>
    </ClCompile>
    <ClCompile Include="xr_area_query.cpp">
      <Filter>Game API\Collision</Filter>
    </ClCompile>
    <ClCompile Include="xr_area_raypick.cpp">
      <Filter>Game API\Collision</Filter>
    </ClCompile>
    <ClCompile Include="xr_collide_form.cpp">
      <Filter>Game API\Collision</Filter>
    </ClCompile>
    <ClCompile Include="Envelope.cpp">
      <Filter>Game API\Animator</Filter>
    </ClCompile>
    <ClCompile Include="interp.cpp">
      <Filter>Game API\Animator</Filter>
    </ClCompile>
    <ClCompile Include="motion.cpp">
      <Filter>Game API\Animator</Filter>
    </ClCompile>
    <ClCompile Include="ObjectAnimator.cpp">
      <Filter>Game API\Animator</Filter>
    </ClCompile>
    <ClCompile Include="Feel_Touch.cpp">
      <Filter>Game API\Feelers</Filter>
    </ClCompile>
    <ClCompile Include="Feel_Vision.cpp">
      <Filter>Game API\Feelers</Filter>
    </ClCompile>
    <ClCompile Include="FDemoPlay.cpp">
      <Filter>Game API\Demo</Filter>
    </ClCompile>
    <ClCompile Include="FDemoRecord.cpp">
      <Filter>Game API\Demo</Filter>
    </ClCompile>
    <ClCompile Include="fmesh.cpp">
      <Filter>Render\Visuals</Filter>
    </ClCompile>
    <ClCompile Include="SkeletonMotions.cpp">
      <Filter>Render\Visuals\Skeleton</Filter>
    </ClCompile>
    <ClCompile Include="Frustum.cpp">
      <Filter>Render\Visibility\Frustum</Filter>
    </ClCompile>
    <ClCompile Include="PS_instance.cpp">
      <Filter>Render\Particle system</Filter>
    </ClCompile>
    <ClCompile Include="LightAnimLibrary.cpp">
      <Filter>Render\Lighting</Filter>
    </ClCompile>
    <ClCompile Include="GameFont.cpp">
      <Filter>Render\Font output</Filter>
    </ClCompile>
    <ClCompile Include="MbHelpers.cpp">
      <Filter>Render\Font output</Filter>
    </ClCompile>
    <ClCompile Include="device.cpp">
      <Filter>Render\Execution &amp; 3D</Filter>
    </ClCompile>
    <ClCompile Include="Device_create.cpp">
      <Filter>Render\Execution &amp; 3D</Filter>
    </ClCompile>
    <ClCompile Include="Device_destroy.cpp">
      <Filter>Render\Execution &amp; 3D</Filter>
    </ClCompile>
    <ClCompile Include="Device_Initialize.cpp">
      <Filter>Render\Execution &amp; 3D</Filter>
    </ClCompile>
    <ClCompile Include="Device_Misc.cpp">
      <Filter>Render\Execution &amp; 3D</Filter>
    </ClCompile>
    <ClCompile Include="Device_overdraw.cpp">
      <Filter>Render\Execution &amp; 3D</Filter>
    </ClCompile>
    <ClCompile Include="Device_wndproc.cpp">
      <Filter>Render\Execution &amp; 3D</Filter>
    </ClCompile>
    <ClCompile Include="StatGraph.cpp">
      <Filter>Render\Execution &amp; 3D</Filter>
    </ClCompile>
    <ClCompile Include="Stats.cpp">
      <Filter>Render\Execution &amp; 3D</Filter>
    </ClCompile>
    <ClCompile Include="tntQAVI.cpp">
      <Filter>Render\Execution &amp; 3D\Shaders\Textures</Filter>
    </ClCompile>
    <ClCompile Include="xrImage_Resampler.cpp">
      <Filter>Render\Execution &amp; 3D\Shaders\Textures</Filter>
    </ClCompile>
    <ClCompile Include="xrTheora_Stream.cpp">
      <Filter>Render\Execution &amp; 3D\Shaders\Textures</Filter>
    </ClCompile>
    <ClCompile Include="xrTheora_Surface.cpp">
      <Filter>Render\Execution &amp; 3D\Shaders\Textures</Filter>
    </ClCompile>
    <ClCompile Include="xrTheora_Surface_mmx.cpp">
      <Filter>Render\Execution &amp; 3D\Shaders\Textures</Filter>
    </ClCompile>
    <ClCompile Include="doug_lea_memory_allocator.c">
      <Filter>Render\Execution &amp; 3D\Shaders\ShaderManager\doug_lea_memory_allocator</Filter>
    </ClCompile>
    <ClCompile Include="Text_Console.cpp">
      <Filter>Render\Execution &amp; 3D\TextConsole</Filter>
    </ClCompile>
    <ClCompile Include="Text_Console_WndProc.cpp">
      <Filter>Render\Execution &amp; 3D\TextConsole</Filter>
    </ClCompile>
    <ClCompile Include="pure.cpp">
      <Filter>Engine</Filter>
    </ClCompile>
    <ClCompile Include="xrXRC.cpp">
      <Filter>Engine\Collision Core</Filter>
    </ClCompile>
    <ClCompile Include="xr_ioc_cmd.cpp">
      <Filter>Engine\Console</Filter>
    </ClCompile>
    <ClCompile Include="XR_IOConsole.cpp">
      <Filter>Engine\Console</Filter>
    </ClCompile>
    <ClCompile Include="Engine.cpp">
      <Filter>Engine\Core</Filter>
    </ClCompile>
    <ClCompile Include="EngineAPI.cpp">
      <Filter>Engine\Core</Filter>
    </ClCompile>
    <ClCompile Include="EventAPI.cpp">
      <Filter>Engine\Core</Filter>
    </ClCompile>
    <ClCompile Include="mailSlot.cpp">
      <Filter>Engine\Core</Filter>
    </ClCompile>
    <ClCompile Include="_scripting.cpp">
      <Filter>Engine\Core\Scripting</Filter>
    </ClCompile>
    <ClCompile Include="ai_script_lua_debug.cpp">
      <Filter>Engine\Core\Scripting</Filter>
    </ClCompile>
    <ClCompile Include="ai_script_lua_extension.cpp">
      <Filter>Engine\Core\Scripting</Filter>
    </ClCompile>
    <ClCompile Include="perlin.cpp">
      <Filter>Engine\Noise</Filter>
    </ClCompile>
    <ClCompile Include="bone.cpp" />
    <ClCompile Include="cf_dynamic_mesh.cpp" />
    <ClCompile Include="editor_environment_ambients_ambient.cpp" />
    <ClCompile Include="editor_environment_ambients_effect_id.cpp" />
    <ClCompile Include="editor_environment_ambients_manager.cpp" />
    <ClCompile Include="editor_environment_ambients_sound_id.cpp" />
    <ClCompile Include="editor_environment_detail.cpp" />
    <ClCompile Include="editor_environment_effects_effect.cpp" />
    <ClCompile Include="editor_environment_effects_manager.cpp" />
    <ClCompile Include="editor_environment_levels_manager.cpp" />
    <ClCompile Include="editor_environment_manager.cpp" />
    <ClCompile Include="editor_environment_manager_properties.cpp" />
    <ClCompile Include="editor_environment_sound_channels_channel.cpp" />
    <ClCompile Include="editor_environment_sound_channels_manager.cpp" />
    <ClCompile Include="editor_environment_sound_channels_source.cpp" />
    <ClCompile Include="editor_environment_suns_blend.cpp" />
    <ClCompile Include="editor_environment_suns_flare.cpp" />
    <ClCompile Include="editor_environment_suns_flares.cpp" />
    <ClCompile Include="editor_environment_suns_gradient.cpp" />
    <ClCompile Include="editor_environment_suns_manager.cpp" />
    <ClCompile Include="editor_environment_suns_sun.cpp" />
    <ClCompile Include="editor_environment_thunderbolts_collection.cpp" />
    <ClCompile Include="editor_environment_thunderbolts_gradient.cpp" />
    <ClCompile Include="editor_environment_thunderbolts_manager.cpp" />
    <ClCompile Include="editor_environment_thunderbolts_thunderbolt.cpp" />
    <ClCompile Include="editor_environment_thunderbolts_thunderbolt_id.cpp" />
    <ClCompile Include="editor_environment_weathers_manager.cpp" />
    <ClCompile Include="editor_environment_weathers_time.cpp" />
    <ClCompile Include="editor_environment_weathers_weather.cpp" />
    <ClCompile Include="edit_actions.cpp" />
    <ClCompile Include="engine_impl.cpp" />
    <ClCompile Include="GameMtlLib.cpp" />
    <ClCompile Include="GameMtlLib_Engine.cpp" />
    <ClCompile Include="line_editor.cpp" />
    <ClCompile Include="line_edit_control.cpp" />
    <ClCompile Include="phdebug.cpp" />
    <ClCompile Include="xrSASH.cpp" />
    <ClCompile Include="xr_input_xinput.cpp" />
    <ClCompile Include="XR_IOConsole_callback.cpp" />
    <ClCompile Include="XR_IOConsole_get.cpp" />
    <ClCompile Include="XR_IOConsole_control.cpp">
      <Filter>Engine\Console</Filter>
    </ClCompile>
    <ClCompile Include="lua_tools.cpp" />
  </ItemGroup>
  <ItemGroup>
    <Resource Include="OutOfVirtError.RES">
      <Filter>General\Resources</Filter>
    </Resource>
  </ItemGroup>
  <ItemGroup>
    <ResourceCompile Include="resource.rc">
      <Filter>General\Resources</Filter>
    </ResourceCompile>
  </ItemGroup>
  <ItemGroup>
    <Image Include="stalker.ico">
      <Filter>General\Resources</Filter>
    </Image>
    <Image Include="ui_splash3.bmp">
      <Filter>General\Resources</Filter>
    </Image>
  </ItemGroup>
  <ItemGroup>
    <Text Include="ClientServer.txt" />
    <Text Include="Effects description.txt" />
    <Text Include="features.txt" />
    <Text Include="TODO.txt" />
  </ItemGroup>
</Project>