<?xml version="1.0" encoding="utf-8"?>
<Project ToolsVersion="4.0" xmlns="http://schemas.microsoft.com/developer/msbuild/2003">
  <ItemGroup>
    <Filter Include="Kernel">
      <UniqueIdentifier>{fd9c1a91-032b-43a2-92f1-0926040fde7f}</UniqueIdentifier>
    </Filter>
    <Filter Include="Kernel\Resources">
      <UniqueIdentifier>{a185c5d6-411f-45d4-b4c6-79d5ef2aeeba}</UniqueIdentifier>
    </Filter>
    <Filter Include="Kernel\Log">
      <UniqueIdentifier>{80739667-e318-4ac7-83d3-b9ef8c9bfab1}</UniqueIdentifier>
    </Filter>
    <Filter Include="Kernel\Generic">
      <UniqueIdentifier>{e4ffd417-40de-4f03-9512-da4a29f96dcb}</UniqueIdentifier>
    </Filter>
    <Filter Include="Kernel\CDB">
      <UniqueIdentifier>{89fb60c4-8e13-45e4-8452-fbbc746212eb}</UniqueIdentifier>
    </Filter>
  </ItemGroup>
  <ItemGroup>
    <ClInclude Include="_d3d_extensions.h">
      <Filter>Kernel</Filter>
    </ClInclude>
    <ClInclude Include="defines.h">
      <Filter>Kernel</Filter>
    </ClInclude>
    <ClInclude Include="StdAfx.h">
      <Filter>Kernel</Filter>
    </ClInclude>
    <ClInclude Include="tga.h">
      <Filter>Kernel</Filter>
    </ClInclude>
    <ClInclude Include="xrSyncronize.h">
      <Filter>Kernel</Filter>
    </ClInclude>
    <ClInclude Include="xrThread.h">
      <Filter>Kernel</Filter>
    </ClInclude>
    <ClInclude Include="resource.h">
      <Filter>Kernel\Resources</Filter>
    </ClInclude>
    <ClInclude Include="cl_log.h">
      <Filter>Kernel\Log</Filter>
    </ClInclude>
    <ClInclude Include="std_classes.h">
      <Filter>Kernel\Generic</Filter>
    </ClInclude>
    <ClInclude Include="cl_intersect.h">
      <Filter>Kernel\CDB</Filter>
    </ClInclude>
    <ClInclude Include="xrCDB.h">
      <Filter>Kernel\CDB</Filter>
    </ClInclude>
    <ClInclude Include="communicate.h" />
    <ClInclude Include="DetailFormat.h" />
    <ClInclude Include="ETextureParams.h" />
    <ClInclude Include="light.h" />
    <ClInclude Include="R_light.h" />
    <ClInclude Include="Shader_xrLC.h" />
    <ClInclude Include="xrHemisphere.h" />
    <ClInclude Include="xrLevel.h" />
    <ClInclude Include="xrShaderTypes.h" />
  </ItemGroup>
  <ItemGroup>
    <ClCompile Include="StdAfx.cpp">
      <Filter>Kernel</Filter>
    </ClCompile>
    <ClCompile Include="tga.cpp">
      <Filter>Kernel</Filter>
    </ClCompile>
    <ClCompile Include="xrThread.cpp">
      <Filter>Kernel</Filter>
    </ClCompile>
    <ClCompile Include="cl_log.cpp">
      <Filter>Kernel\Log</Filter>
    </ClCompile>
    <ClCompile Include="compiler.cpp" />
    <ClCompile Include="xrDO_Light.cpp" />
    <ClCompile Include="..\..\xr_3da\xrLoadSurface.cpp" />
  </ItemGroup>
  <ItemGroup>
    <ResourceCompile Include="resource.rc">
      <Filter>Kernel\Resources</Filter>
    </ResourceCompile>
  </ItemGroup>
</Project>